
Microsoft Visual Studio Solution File, Format Version 12.00
# Visual Studio Version 16
VisualStudioVersion = 16.0.29215.179
MinimumVisualStudioVersion = 10.0.40219.1
Project("{9A19103F-16F7-4668-BE54-9A1E7A4F7556}") = "DTCSEventPocoProxyGenerator", "DTCSEventPocoProxyGenerator\DTCSEventPocoProxyGenerator.csproj", "{C10C9CB4-03B7-47F7-B2D8-8FA8989E1842}"
EndProject
Project("{FAE04EC0-301F-11D3-BF4B-00C04F79EFBC}") = "DTCSEventPocoProxyGenerator.Tests", "DTCSEventPocoProxyGenerator.Tests\DTCSEventPocoProxyGenerator.Tests.csproj", "{C4BAA5D7-2637-4DC3-967E-2FA88866932B}"
EndProject
Global
	GlobalSection(SolutionConfigurationPlatforms) = preSolution
		Debug|Any CPU = Debug|Any CPU
		Release|Any CPU = Release|Any CPU
	EndGlobalSection
	GlobalSection(ProjectConfigurationPlatforms) = postSolution
		{C10C9CB4-03B7-47F7-B2D8-8FA8989E1842}.Debug|Any CPU.ActiveCfg = Debug|Any CPU
		{C10C9CB4-03B7-47F7-B2D8-8FA8989E1842}.Debug|Any CPU.Build.0 = Debug|Any CPU
		{C10C9CB4-03B7-47F7-B2D8-8FA8989E1842}.Release|Any CPU.ActiveCfg = Release|Any CPU
		{C10C9CB4-03B7-47F7-B2D8-8FA8989E1842}.Release|Any CPU.Build.0 = Release|Any CPU
		{C4BAA5D7-2637-4DC3-967E-2FA88866932B}.Debug|Any CPU.ActiveCfg = Debug|Any CPU
		{C4BAA5D7-2637-4DC3-967E-2FA88866932B}.Debug|Any CPU.Build.0 = Debug|Any CPU
		{C4BAA5D7-2637-4DC3-967E-2FA88866932B}.Release|Any CPU.ActiveCfg = Release|Any CPU
		{C4BAA5D7-2637-4DC3-967E-2FA88866932B}.Release|Any CPU.Build.0 = Release|Any CPU
	EndGlobalSection
	GlobalSection(SolutionProperties) = preSolution
		HideSolutionNode = FALSE
	EndGlobalSection
	GlobalSection(ExtensibilityGlobals) = postSolution
		SolutionGuid = {3A2AEE5B-96A7-49BE-BE62-255BFA156A5B}
	EndGlobalSection
EndGlobal
